
Microsoft Visual Studio Solution File, Format Version 12.00
# Visual Studio Version 17
VisualStudioVersion = 17.0.32014.148
MinimumVisualStudioVersion = 10.0.40219.1
Project("{9A19103F-16F7-4668-BE54-9A1E7A4F7556}") = "Grid", "..\Grid\Grid\Grid.csproj", "{86DB82A8-89D9-44B7-BD9E-637FC5BD3842}"
EndProject
Project("{FAE04EC0-301F-11D3-BF4B-00C04F79EFBC}") = "WebApplication1", "WebApplication1.csproj", "{E6759335-E80B-4235-8295-6C6B6CC2D26A}"
EndProject
Global
	GlobalSection(SolutionConfigurationPlatforms) = preSolution
		Debug|Any CPU = Debug|Any CPU
		Release|Any CPU = Release|Any CPU
	EndGlobalSection
	GlobalSection(ProjectConfigurationPlatforms) = postSolution
		{86DB82A8-89D9-44B7-BD9E-637FC5BD3842}.Debug|Any CPU.ActiveCfg = Debug|Any CPU
		{86DB82A8-89D9-44B7-BD9E-637FC5BD3842}.Debug|Any CPU.Build.0 = Debug|Any CPU
		{86DB82A8-89D9-44B7-BD9E-637FC5BD3842}.Release|Any CPU.ActiveCfg = Release|Any CPU
		{86DB82A8-89D9-44B7-BD9E-637FC5BD3842}.Release|Any CPU.Build.0 = Release|Any CPU
		{E6759335-E80B-4235-8295-6C6B6CC2D26A}.Debug|Any CPU.ActiveCfg = Debug|Any CPU
		{E6759335-E80B-4235-8295-6C6B6CC2D26A}.Debug|Any CPU.Build.0 = Debug|Any CPU
		{E6759335-E80B-4235-8295-6C6B6CC2D26A}.Release|Any CPU.ActiveCfg = Release|Any CPU
		{E6759335-E80B-4235-8295-6C6B6CC2D26A}.Release|Any CPU.Build.0 = Release|Any CPU
	EndGlobalSection
	GlobalSection(SolutionProperties) = preSolution
		HideSolutionNode = FALSE
	EndGlobalSection
	GlobalSection(ExtensibilityGlobals) = postSolution
		SolutionGuid = {88EA7902-CF0D-4FF1-B5FD-EF24A08F19C5}
	EndGlobalSection
EndGlobal
